
Microsoft Visual Studio Solution File, Format Version 12.00
# Visual Studio 15
VisualStudioVersion = 15.0.28010.2016
MinimumVisualStudioVersion = 10.0.40219.1
Project("{FAE04EC0-301F-11D3-BF4B-00C04F79EFBC}") = "RestFullWebServiceDLL", "RestFullWebServiceDLL\RestFullWebServiceDLL.csproj", "{BC86EB64-D6A2-4189-A24E-5E11FC5F7F4D}"
EndProject
Global
	GlobalSection(SolutionConfigurationPlatforms) = preSolution
		Debug|Any CPU = Debug|Any CPU
		Release|Any CPU = Release|Any CPU
	EndGlobalSection
	GlobalSection(ProjectConfigurationPlatforms) = postSolution
		{BC86EB64-D6A2-4189-A24E-5E11FC5F7F4D}.Debug|Any CPU.ActiveCfg = Debug|Any CPU
		{BC86EB64-D6A2-4189-A24E-5E11FC5F7F4D}.Debug|Any CPU.Build.0 = Debug|Any CPU
		{BC86EB64-D6A2-4189-A24E-5E11FC5F7F4D}.Release|Any CPU.ActiveCfg = Release|Any CPU
		{BC86EB64-D6A2-4189-A24E-5E11FC5F7F4D}.Release|Any CPU.Build.0 = Release|Any CPU
	EndGlobalSection
	GlobalSection(SolutionProperties) = preSolution
		HideSolutionNode = FALSE
	EndGlobalSection
	GlobalSection(ExtensibilityGlobals) = postSolution
		SolutionGuid = {423EA762-8ECF-4BB2-828F-A5937137FE4E}
	EndGlobalSection
EndGlobal
